
Microsoft Visual Studio Solution File, Format Version 12.00
# Visual Studio Version 16
VisualStudioVersion = 16.0.30011.22
MinimumVisualStudioVersion = 10.0.40219.1
Project("{9A19103F-16F7-4668-BE54-9A1E7A4F7556}") = "Project.Application", "src\Project.Application\Project.Application\Project.Application.csproj", "{34C11B2A-89CE-4077-B753-8258A1A5890D}"
EndProject
Project("{9A19103F-16F7-4668-BE54-9A1E7A4F7556}") = "Project.Data", "src\Project.Data\Project.Data\Project.Data.csproj", "{107FE1DB-B36F-419D-B561-4832971ACA90}"
EndProject
Project("{9A19103F-16F7-4668-BE54-9A1E7A4F7556}") = "Project.Model", "src\Project.Model\Project.Model\Project.Model.csproj", "{58A3F1B8-C4A0-4F79-BD52-C09FFE00967E}"
EndProject
Project("{2150E333-8FDC-42A3-9474-1A3956D46DE8}") = "1-Application", "1-Application", "{236009AF-0A37-4939-A935-C3A0DA2777BF}"
EndProject
Project("{2150E333-8FDC-42A3-9474-1A3956D46DE8}") = "2-Domain", "2-Domain", "{A194CFA0-F06F-4C8E-AAF6-883A1D2409DA}"
EndProject
Project("{2150E333-8FDC-42A3-9474-1A3956D46DE8}") = "4-Infra", "4-Infra", "{69B2F493-4862-4A70-ADC4-3F5EDF0F14FC}"
EndProject
Project("{2150E333-8FDC-42A3-9474-1A3956D46DE8}") = "3-Service", "3-Service", "{0C0CF085-533A-42BD-9BB1-3C2499E5D683}"
EndProject
Project("{9A19103F-16F7-4668-BE54-9A1E7A4F7556}") = "Project.Service", "src\Project.Service\Project.Service.csproj", "{F1F61934-ECA7-4401-85DD-F2CB183E0F3D}"
EndProject
Global
	GlobalSection(SolutionConfigurationPlatforms) = preSolution
		Debug|Any CPU = Debug|Any CPU
		Release|Any CPU = Release|Any CPU
	EndGlobalSection
	GlobalSection(ProjectConfigurationPlatforms) = postSolution
		{34C11B2A-89CE-4077-B753-8258A1A5890D}.Debug|Any CPU.ActiveCfg = Debug|Any CPU
		{34C11B2A-89CE-4077-B753-8258A1A5890D}.Debug|Any CPU.Build.0 = Debug|Any CPU
		{34C11B2A-89CE-4077-B753-8258A1A5890D}.Release|Any CPU.ActiveCfg = Release|Any CPU
		{34C11B2A-89CE-4077-B753-8258A1A5890D}.Release|Any CPU.Build.0 = Release|Any CPU
		{107FE1DB-B36F-419D-B561-4832971ACA90}.Debug|Any CPU.ActiveCfg = Debug|Any CPU
		{107FE1DB-B36F-419D-B561-4832971ACA90}.Debug|Any CPU.Build.0 = Debug|Any CPU
		{107FE1DB-B36F-419D-B561-4832971ACA90}.Release|Any CPU.ActiveCfg = Release|Any CPU
		{107FE1DB-B36F-419D-B561-4832971ACA90}.Release|Any CPU.Build.0 = Release|Any CPU
		{58A3F1B8-C4A0-4F79-BD52-C09FFE00967E}.Debug|Any CPU.ActiveCfg = Debug|Any CPU
		{58A3F1B8-C4A0-4F79-BD52-C09FFE00967E}.Debug|Any CPU.Build.0 = Debug|Any CPU
		{58A3F1B8-C4A0-4F79-BD52-C09FFE00967E}.Release|Any CPU.ActiveCfg = Release|Any CPU
		{58A3F1B8-C4A0-4F79-BD52-C09FFE00967E}.Release|Any CPU.Build.0 = Release|Any CPU
		{F1F61934-ECA7-4401-85DD-F2CB183E0F3D}.Debug|Any CPU.ActiveCfg = Debug|Any CPU
		{F1F61934-ECA7-4401-85DD-F2CB183E0F3D}.Debug|Any CPU.Build.0 = Debug|Any CPU
		{F1F61934-ECA7-4401-85DD-F2CB183E0F3D}.Release|Any CPU.ActiveCfg = Release|Any CPU
		{F1F61934-ECA7-4401-85DD-F2CB183E0F3D}.Release|Any CPU.Build.0 = Release|Any CPU
	EndGlobalSection
	GlobalSection(SolutionProperties) = preSolution
		HideSolutionNode = FALSE
	EndGlobalSection
	GlobalSection(NestedProjects) = preSolution
		{34C11B2A-89CE-4077-B753-8258A1A5890D} = {236009AF-0A37-4939-A935-C3A0DA2777BF}
		{107FE1DB-B36F-419D-B561-4832971ACA90} = {69B2F493-4862-4A70-ADC4-3F5EDF0F14FC}
		{58A3F1B8-C4A0-4F79-BD52-C09FFE00967E} = {A194CFA0-F06F-4C8E-AAF6-883A1D2409DA}
		{F1F61934-ECA7-4401-85DD-F2CB183E0F3D} = {0C0CF085-533A-42BD-9BB1-3C2499E5D683}
	EndGlobalSection
	GlobalSection(ExtensibilityGlobals) = postSolution
		SolutionGuid = {5C53A966-FF9A-4F33-849A-F2BCE0E155DE}
	EndGlobalSection
EndGlobal
